// !$*UTF8*$!
{
	archiveVersion = 1;
	classes = {
	};
	objectVersion = 46;
	objects = {

/* Begin PBXBuildFile section */
		7F81FB361BDFC75B00656AA7 /* AppDelegate.swift in Sources */ = {isa = PBXBuildFile; fileRef = 7F81FB351BDFC75B00656AA7 /* AppDelegate.swift */; };
		7F81FB381BDFC75B00656AA7 /* ViewController.swift in Sources */ = {isa = PBXBuildFile; fileRef = 7F81FB371BDFC75B00656AA7 /* ViewController.swift */; };
		7F81FB3B1BDFC75B00656AA7 /* Main.storyboard in Resources */ = {isa = PBXBuildFile; fileRef = 7F81FB391BDFC75B00656AA7 /* Main.storyboard */; };
		7F81FB3D1BDFC75B00656AA7 /* Assets.xcassets in Resources */ = {isa = PBXBuildFile; fileRef = 7F81FB3C1BDFC75B00656AA7 /* Assets.xcassets */; };
		7F81FB401BDFC75B00656AA7 /* LaunchScreen.storyboard in Resources */ = {isa = PBXBuildFile; fileRef = 7F81FB3E1BDFC75B00656AA7 /* LaunchScreen.storyboard */; };
		7F81FB4B1BDFC75B00656AA7 /* ______Tests.swift in Sources */ = {isa = PBXBuildFile; fileRef = 7F81FB4A1BDFC75B00656AA7 /* ______Tests.swift */; };
		7F81FB561BDFC75B00656AA7 /* ______UITests.swift in Sources */ = {isa = PBXBuildFile; fileRef = 7F81FB551BDFC75B00656AA7 /* ______UITests.swift */; };
/* End PBXBuildFile section */

/* Begin PBXContainerItemProxy section */
		7F81FB471BDFC75B00656AA7 /* PBXContainerItemProxy */ = {
			isa = PBXContainerItemProxy;
			containerPortal = 7F81FB2A1BDFC75B00656AA7 /* Project object */;
			proxyType = 1;
			remoteGlobalIDString = 7F81FB311BDFC75B00656AA7;
			remoteInfo = "時計アプリ";
		};
		7F81FB521BDFC75B00656AA7 /* PBXContainerItemProxy */ = {
			isa = PBXContainerItemProxy;
			containerPortal = 7F81FB2A1BDFC75B00656AA7 /* Project object */;
			proxyType = 1;
			remoteGlobalIDString = 7F81FB311BDFC75B00656AA7;
			remoteInfo = "時計アプリ";
		};
/* End PBXContainerItemProxy section */

/* Begin PBXFileReference section */
		7F81FB321BDFC75B00656AA7 /* 時計アプリ.app */ = {isa = PBXFileReference; explicitFileType = wrapper.application; includeInIndex = 0; path = "時計アプリ.app"; sourceTree = BUILT_PRODUCTS_DIR; };
		7F81FB351BDFC75B00656AA7 /* AppDelegate.swift */ = {isa = PBXFileReference; lastKnownFileType = sourcecode.swift; path = AppDelegate.swift; sourceTree = "<group>"; };
		7F81FB371BDFC75B00656AA7 /* ViewController.swift */ = {isa = PBXFileReference; lastKnownFileType = sourcecode.swift; path = ViewController.swift; sourceTree = "<group>"; };
		7F81FB3A1BDFC75B00656AA7 /* Base */ = {isa = PBXFileReference; lastKnownFileType = file.storyboard; name = Base; path = Base.lproj/Main.storyboard; sourceTree = "<group>"; };
		7F81FB3C1BDFC75B00656AA7 /* Assets.xcassets */ = {isa = PBXFileReference; lastKnownFileType = folder.assetcatalog; path = Assets.xcassets; sourceTree = "<group>"; };
		7F81FB3F1BDFC75B00656AA7 /* Base */ = {isa = PBXFileReference; lastKnownFileType = file.storyboard; name = Base; path = Base.lproj/LaunchScreen.storyboard; sourceTree = "<group>"; };
		7F81FB411BDFC75B00656AA7 /* Info.plist */ = {isa = PBXFileReference; lastKnownFileType = text.plist.xml; path = Info.plist; sourceTree = "<group>"; };
		7F81FB461BDFC75B00656AA7 /* 時計アプリTests.xctest */ = {isa = PBXFileReference; explicitFileType = wrapper.cfbundle; includeInIndex = 0; path = "時計アプリTests.xctest"; sourceTree = BUILT_PRODUCTS_DIR; };
		7F81FB4A1BDFC75B00656AA7 /* ______Tests.swift */ = {isa = PBXFileReference; lastKnownFileType = sourcecode.swift; path = "______Tests.swift"; sourceTree = "<group>"; };
		7F81FB4C1BDFC75B00656AA7 /* Info.plist */ = {isa = PBXFileReference; lastKnownFileType = text.plist.xml; path = Info.plist; sourceTree = "<group>"; };
		7F81FB511BDFC75B00656AA7 /* 時計アプリUITests.xctest */ = {isa = PBXFileReference; explicitFileType = wrapper.cfbundle; includeInIndex = 0; path = "時計アプリUITests.xctest"; sourceTree = BUILT_PRODUCTS_DIR; };
		7F81FB551BDFC75B00656AA7 /* ______UITests.swift */ = {isa = PBXFileReference; lastKnownFileType = sourcecode.swift; path = "______UITests.swift"; sourceTree = "<group>"; };
		7F81FB571BDFC75B00656AA7 /* Info.plist */ = {isa = PBXFileReference; lastKnownFileType = text.plist.xml; path = Info.plist; sourceTree = "<group>"; };
/* End PBXFileReference section */

/* Begin PBXFrameworksBuildPhase section */
		7F81FB2F1BDFC75B00656AA7 /* Frameworks */ = {
			isa = PBXFrameworksBuildPhase;
			buildActionMask = 2147483647;
			files = (
			);
			runOnlyForDeploymentPostprocessing = 0;
		};
		7F81FB431BDFC75B00656AA7 /* Frameworks */ = {
			isa = PBXFrameworksBuildPhase;
			buildActionMask = 2147483647;
			files = (
			);
			runOnlyForDeploymentPostprocessing = 0;
		};
		7F81FB4E1BDFC75B00656AA7 /* Frameworks */ = {
			isa = PBXFrameworksBuildPhase;
			buildActionMask = 2147483647;
			files = (
			);
			runOnlyForDeploymentPostprocessing = 0;
		};
/* End PBXFrameworksBuildPhase section */

/* Begin PBXGroup section */
		7F81FB291BDFC75B00656AA7 = {
			isa = PBXGroup;
			children = (
				7F81FB341BDFC75B00656AA7 /* 時計アプリ */,
				7F81FB491BDFC75B00656AA7 /* 時計アプリTests */,
				7F81FB541BDFC75B00656AA7 /* 時計アプリUITests */,
				7F81FB331BDFC75B00656AA7 /* Products */,
			);
			sourceTree = "<group>";
		};
		7F81FB331BDFC75B00656AA7 /* Products */ = {
			isa = PBXGroup;
			children = (
				7F81FB321BDFC75B00656AA7 /* 時計アプリ.app */,
				7F81FB461BDFC75B00656AA7 /* 時計アプリTests.xctest */,
				7F81FB511BDFC75B00656AA7 /* 時計アプリUITests.xctest */,
			);
			name = Products;
			sourceTree = "<group>";
		};
		7F81FB341BDFC75B00656AA7 /* 時計アプリ */ = {
			isa = PBXGroup;
			children = (
				7F81FB351BDFC75B00656AA7 /* AppDelegate.swift */,
				7F81FB371BDFC75B00656AA7 /* ViewController.swift */,
				7F81FB391BDFC75B00656AA7 /* Main.storyboard */,
				7F81FB3C1BDFC75B00656AA7 /* Assets.xcassets */,
				7F81FB3E1BDFC75B00656AA7 /* LaunchScreen.storyboard */,
				7F81FB411BDFC75B00656AA7 /* Info.plist */,
			);
			path = "時計アプリ";
			sourceTree = "<group>";
		};
		7F81FB491BDFC75B00656AA7 /* 時計アプリTests */ = {
			isa = PBXGroup;
			children = (
				7F81FB4A1BDFC75B00656AA7 /* ______Tests.swift */,
				7F81FB4C1BDFC75B00656AA7 /* Info.plist */,
			);
			path = "時計アプリTests";
			sourceTree = "<group>";
		};
		7F81FB541BDFC75B00656AA7 /* 時計アプリUITests */ = {
			isa = PBXGroup;
			children = (
				7F81FB551BDFC75B00656AA7 /* ______UITests.swift */,
				7F81FB571BDFC75B00656AA7 /* Info.plist */,
			);
			path = "時計アプリUITests";
			sourceTree = "<group>";
		};
/* End PBXGroup section */

/* Begin PBXNativeTarget section */
		7F81FB311BDFC75B00656AA7 /* 時計アプリ */ = {
			isa = PBXNativeTarget;
			buildConfigurationList = 7F81FB5A1BDFC75B00656AA7 /* Build configuration list for PBXNativeTarget "時計アプリ" */;
			buildPhases = (
				7F81FB2E1BDFC75B00656AA7 /* Sources */,
				7F81FB2F1BDFC75B00656AA7 /* Frameworks */,
				7F81FB301BDFC75B00656AA7 /* Resources */,
			);
			buildRules = (
			);
			dependencies = (
			);
			name = "時計アプリ";
			productName = "時計アプリ";
			productReference = 7F81FB321BDFC75B00656AA7 /* 時計アプリ.app */;
			productType = "com.apple.product-type.application";
		};
		7F81FB451BDFC75B00656AA7 /* 時計アプリTests */ = {
			isa = PBXNativeTarget;
			buildConfigurationList = 7F81FB5D1BDFC75B00656AA7 /* Build configuration list for PBXNativeTarget "時計アプリTests" */;
			buildPhases = (
				7F81FB421BDFC75B00656AA7 /* Sources */,
				7F81FB431BDFC75B00656AA7 /* Frameworks */,
				7F81FB441BDFC75B00656AA7 /* Resources */,
			);
			buildRules = (
			);
			dependencies = (
				7F81FB481BDFC75B00656AA7 /* PBXTargetDependency */,
			);
			name = "時計アプリTests";
			productName = "時計アプリTests";
			productReference = 7F81FB461BDFC75B00656AA7 /* 時計アプリTests.xctest */;
			productType = "com.apple.product-type.bundle.unit-test";
		};
		7F81FB501BDFC75B00656AA7 /* 時計アプリUITests */ = {
			isa = PBXNativeTarget;
			buildConfigurationList = 7F81FB601BDFC75B00656AA7 /* Build configuration list for PBXNativeTarget "時計アプリUITests" */;
			buildPhases = (
				7F81FB4D1BDFC75B00656AA7 /* Sources */,
				7F81FB4E1BDFC75B00656AA7 /* Frameworks */,
				7F81FB4F1BDFC75B00656AA7 /* Resources */,
			);
			buildRules = (
			);
			dependencies = (
				7F81FB531BDFC75B00656AA7 /* PBXTargetDependency */,
			);
			name = "時計アプリUITests";
			productName = "時計アプリUITests";
			productReference = 7F81FB511BDFC75B00656AA7 /* 時計アプリUITests.xctest */;
			productType = "com.apple.product-type.bundle.ui-testing";
		};
/* End PBXNativeTarget section */

/* Begin PBXProject section */
		7F81FB2A1BDFC75B00656AA7 /* Project object */ = {
			isa = PBXProject;
			attributes = {
				LastUpgradeCheck = 0700;
				ORGANIZATIONNAME = "reo harada";
				TargetAttributes = {
					7F81FB311BDFC75B00656AA7 = {
						CreatedOnToolsVersion = 7.0;
					};
					7F81FB451BDFC75B00656AA7 = {
						CreatedOnToolsVersion = 7.0;
						TestTargetID = 7F81FB311BDFC75B00656AA7;
					};
					7F81FB501BDFC75B00656AA7 = {
						CreatedOnToolsVersion = 7.0;
						TestTargetID = 7F81FB311BDFC75B00656AA7;
					};
				};
			};
			buildConfigurationList = 7F81FB2D1BDFC75B00656AA7 /* Build configuration list for PBXProject "時計アプリ" */;
			compatibilityVersion = "Xcode 3.2";
			developmentRegion = English;
			hasScannedForEncodings = 0;
			knownRegions = (
				en,
				Base,
			);
			mainGroup = 7F81FB291BDFC75B00656AA7;
			productRefGroup = 7F81FB331BDFC75B00656AA7 /* Products */;
			projectDirPath = "";
			projectRoot = "";
			targets = (
				7F81FB311BDFC75B00656AA7 /* 時計アプリ */,
				7F81FB451BDFC75B00656AA7 /* 時計アプリTests */,
				7F81FB501BDFC75B00656AA7 /* 時計アプリUITests */,
			);
		};
/* End PBXProject section */

/* Begin PBXResourcesBuildPhase section */
		7F81FB301BDFC75B00656AA7 /* Resources */ = {
			isa = PBXResourcesBuildPhase;
			buildActionMask = 2147483647;
			files = (
				7F81FB401BDFC75B00656AA7 /* LaunchScreen.storyboard in Resources */,
				7F81FB3D1BDFC75B00656AA7 /* Assets.xcassets in Resources */,
				7F81FB3B1BDFC75B00656AA7 /* Main.storyboard in Resources */,
			);
			runOnlyForDeploymentPostprocessing = 0;
		};
		7F81FB441BDFC75B00656AA7 /* Resources */ = {
			isa = PBXResourcesBuildPhase;
			buildActionMask = 2147483647;
			files = (
			);
			runOnlyForDeploymentPostprocessing = 0;
		};
		7F81FB4F1BDFC75B00656AA7 /* Resources */ = {
			isa = PBXResourcesBuildPhase;
			buildActionMask = 2147483647;
			files = (
			);
			runOnlyForDeploymentPostprocessing = 0;
		};
/* End PBXResourcesBuildPhase section */

/* Begin PBXSourcesBuildPhase section */
		7F81FB2E1BDFC75B00656AA7 /* Sources */ = {
			isa = PBXSourcesBuildPhase;
			buildActionMask = 2147483647;
			files = (
				7F81FB381BDFC75B00656AA7 /* ViewController.swift in Sources */,
				7F81FB361BDFC75B00656AA7 /* AppDelegate.swift in Sources */,
			);
			runOnlyForDeploymentPostprocessing = 0;
		};
		7F81FB421BDFC75B00656AA7 /* Sources */ = {
			isa = PBXSourcesBuildPhase;
			buildActionMask = 2147483647;
			files = (
				7F81FB4B1BDFC75B00656AA7 /* ______Tests.swift in Sources */,
			);
			runOnlyForDeploymentPostprocessing = 0;
		};
		7F81FB4D1BDFC75B00656AA7 /* Sources */ = {
			isa = PBXSourcesBuildPhase;
			buildActionMask = 2147483647;
			files = (
				7F81FB561BDFC75B00656AA7 /* ______UITests.swift in Sources */,
			);
			runOnlyForDeploymentPostprocessing = 0;
		};
/* End PBXSourcesBuildPhase section */

/* Begin PBXTargetDependency section */
		7F81FB481BDFC75B00656AA7 /* PBXTargetDependency */ = {
			isa = PBXTargetDependency;
			target = 7F81FB311BDFC75B00656AA7 /* 時計アプリ */;
			targetProxy = 7F81FB471BDFC75B00656AA7 /* PBXContainerItemProxy */;
		};
		7F81FB531BDFC75B00656AA7 /* PBXTargetDependency */ = {
			isa = PBXTargetDependency;
			target = 7F81FB311BDFC75B00656AA7 /* 時計アプリ */;
			targetProxy = 7F81FB521BDFC75B00656AA7 /* PBXContainerItemProxy */;
		};
/* End PBXTargetDependency section */

/* Begin PBXVariantGroup section */
		7F81FB391BDFC75B00656AA7 /* Main.storyboard */ = {
			isa = PBXVariantGroup;
			children = (
				7F81FB3A1BDFC75B00656AA7 /* Base */,
			);
			name = Main.storyboard;
			sourceTree = "<group>";
		};
		7F81FB3E1BDFC75B00656AA7 /* LaunchScreen.storyboard */ = {
			isa = PBXVariantGroup;
			children = (
				7F81FB3F1BDFC75B00656AA7 /* Base */,
			);
			name = LaunchScreen.storyboard;
			sourceTree = "<group>";
		};
/* End PBXVariantGroup section */

/* Begin XCBuildConfiguration section */
		7F81FB581BDFC75B00656AA7 /* Debug */ = {
			isa = XCBuildConfiguration;
			buildSettings = {
				ALWAYS_SEARCH_USER_PATHS = NO;
				CLANG_CXX_LANGUAGE_STANDARD = "gnu++0x";
				CLANG_CXX_LIBRARY = "libc++";
				CLANG_ENABLE_MODULES = YES;
				CLANG_ENABLE_OBJC_ARC = YES;
				CLANG_WARN_BOOL_CONVERSION = YES;
				CLANG_WARN_CONSTANT_CONVERSION = YES;
				CLANG_WARN_DIRECT_OBJC_ISA_USAGE = YES_ERROR;
				CLANG_WARN_EMPTY_BODY = YES;
				CLANG_WARN_ENUM_CONVERSION = YES;
				CLANG_WARN_INT_CONVERSION = YES;
				CLANG_WARN_OBJC_ROOT_CLASS = YES_ERROR;
				CLANG_WARN_UNREACHABLE_CODE = YES;
				CLANG_WARN__DUPLICATE_METHOD_MATCH = YES;
				"CODE_SIGN_IDENTITY[sdk=iphoneos*]" = "iPhone Developer";
				COPY_PHASE_STRIP = NO;
				DEBUG_INFORMATION_FORMAT = dwarf;
				ENABLE_STRICT_OBJC_MSGSEND = YES;
				ENABLE_TESTABILITY = YES;
				GCC_C_LANGUAGE_STANDARD = gnu99;
				GCC_DYNAMIC_NO_PIC = NO;
				GCC_NO_COMMON_BLOCKS = YES;
				GCC_OPTIMIZATION_LEVEL = 0;
				GCC_PREPROCESSOR_DEFINITIONS = (
					"DEBUG=1",
					"$(inherited)",
				);
				GCC_WARN_64_TO_32_BIT_CONVERSION = YES;
				GCC_WARN_ABOUT_RETURN_TYPE = YES_ERROR;
				GCC_WARN_UNDECLARED_SELECTOR = YES;
				GCC_WARN_UNINITIALIZED_AUTOS = YES_AGGRESSIVE;
				GCC_WARN_UNUSED_FUNCTION = YES;
				GCC_WARN_UNUSED_VARIABLE = YES;
				IPHONEOS_DEPLOYMENT_TARGET = 9.0;
				MTL_ENABLE_DEBUG_INFO = YES;
				ONLY_ACTIVE_ARCH = YES;
				SDKROOT = iphoneos;
				SWIFT_OPTIMIZATION_LEVEL = "-Onone";
			};
			name = Debug;
		};
		7F81FB591BDFC75B00656AA7 /* Release */ = {
			isa = XCBuildConfiguration;
			buildSettings = {
				ALWAYS_SEARCH_USER_PATHS = NO;
				CLANG_CXX_LANGUAGE_STANDARD = "gnu++0x";
				CLANG_CXX_LIBRARY = "libc++";
				CLANG_ENABLE_MODULES = YES;
				CLANG_ENABLE_OBJC_ARC = YES;
				CLANG_WARN_BOOL_CONVERSION = YES;
				CLANG_WARN_CONSTANT_CONVERSION = YES;
				CLANG_WARN_DIRECT_OBJC_ISA_USAGE = YES_ERROR;
				CLANG_WARN_EMPTY_BODY = YES;
				CLANG_WARN_ENUM_CONVERSION = YES;
				CLANG_WARN_INT_CONVERSION = YES;
				CLANG_WARN_OBJC_ROOT_CLASS = YES_ERROR;
				CLANG_WARN_UNREACHABLE_CODE = YES;
				CLANG_WARN__DUPLICATE_METHOD_MATCH = YES;
				"CODE_SIGN_IDENTITY[sdk=iphoneos*]" = "iPhone Developer";
				COPY_PHASE_STRIP = NO;
				DEBUG_INFORMATION_FORMAT = "dwarf-with-dsym";
				ENABLE_NS_ASSERTIONS = NO;
				ENABLE_STRICT_OBJC_MSGSEND = YES;
				GCC_C_LANGUAGE_STANDARD = gnu99;
				GCC_NO_COMMON_BLOCKS = YES;
				GCC_WARN_64_TO_32_BIT_CONVERSION = YES;
				GCC_WARN_ABOUT_RETURN_TYPE = YES_ERROR;
				GCC_WARN_UNDECLARED_SELECTOR = YES;
				GCC_WARN_UNINITIALIZED_AUTOS = YES_AGGRESSIVE;
				GCC_WARN_UNUSED_FUNCTION = YES;
				GCC_WARN_UNUSED_VARIABLE = YES;
				IPHONEOS_DEPLOYMENT_TARGET = 9.0;
				MTL_ENABLE_DEBUG_INFO = NO;
				SDKROOT = iphoneos;
				VALIDATE_PRODUCT = YES;
			};
			name = Release;
		};
		7F81FB5B1BDFC75B00656AA7 /* Debug */ = {
			isa = XCBuildConfiguration;
			buildSettings = {
				ASSETCATALOG_COMPILER_APPICON_NAME = AppIcon;
				INFOPLIST_FILE = "時計アプリ/Info.plist";
				LD_RUNPATH_SEARCH_PATHS = "$(inherited) @executable_path/Frameworks";
				PRODUCT_BUNDLE_IDENTIFIER = "AppAcademia.------";
				PRODUCT_NAME = "$(TARGET_NAME)";
			};
			name = Debug;
		};
		7F81FB5C1BDFC75B00656AA7 /* Release */ = {
			isa = XCBuildConfiguration;
			buildSettings = {
				ASSETCATALOG_COMPILER_APPICON_NAME = AppIcon;
				INFOPLIST_FILE = "時計アプリ/Info.plist";
				LD_RUNPATH_SEARCH_PATHS = "$(inherited) @executable_path/Frameworks";
				PRODUCT_BUNDLE_IDENTIFIER = "AppAcademia.------";
				PRODUCT_NAME = "$(TARGET_NAME)";
			};
			name = Release;
		};
		7F81FB5E1BDFC75B00656AA7 /* Debug */ = {
			isa = XCBuildConfiguration;
			buildSettings = {
				BUNDLE_LOADER = "$(TEST_HOST)";
				INFOPLIST_FILE = "時計アプリTests/Info.plist";
				LD_RUNPATH_SEARCH_PATHS = "$(inherited) @executable_path/Frameworks @loader_path/Frameworks";
				PRODUCT_BUNDLE_IDENTIFIER = "AppAcademia.------Tests";
				PRODUCT_NAME = "$(TARGET_NAME)";
				TEST_HOST = "$(BUILT_PRODUCTS_DIR)/時計アプリ.app/時計アプリ";
			};
			name = Debug;
		};
		7F81FB5F1BDFC75B00656AA7 /* Release */ = {
			isa = XCBuildConfiguration;
			buildSettings = {
				BUNDLE_LOADER = "$(TEST_HOST)";
				INFOPLIST_FILE = "時計アプリTests/Info.plist";
				LD_RUNPATH_SEARCH_PATHS = "$(inherited) @executable_path/Frameworks @loader_path/Frameworks";
				PRODUCT_BUNDLE_IDENTIFIER = "AppAcademia.------Tests";
				PRODUCT_NAME = "$(TARGET_NAME)";
				TEST_HOST = "$(BUILT_PRODUCTS_DIR)/時計アプリ.app/時計アプリ";
			};
			name = Release;
		};
		7F81FB611BDFC75B00656AA7 /* Debug */ = {
			isa = XCBuildConfiguration;
			buildSettings = {
				INFOPLIST_FILE = "時計アプリUITests/Info.plist";
				LD_RUNPATH_SEARCH_PATHS = "$(inherited) @executable_path/Frameworks @loader_path/Frameworks";
				PRODUCT_BUNDLE_IDENTIFIER = "AppAcademia.------UITests";
				PRODUCT_NAME = "$(TARGET_NAME)";
				TEST_TARGET_NAME = "時計アプリ";
				USES_XCTRUNNER = YES;
			};
			name = Debug;
		};
		7F81FB621BDFC75B00656AA7 /* Release */ = {
			isa = XCBuildConfiguration;
			buildSettings = {
				INFOPLIST_FILE = "時計アプリUITests/Info.plist";
				LD_RUNPATH_SEARCH_PATHS = "$(inherited) @executable_path/Frameworks @loader_path/Frameworks";
				PRODUCT_BUNDLE_IDENTIFIER = "AppAcademia.------UITests";
				PRODUCT_NAME = "$(TARGET_NAME)";
				TEST_TARGET_NAME = "時計アプリ";
				USES_XCTRUNNER = YES;
			};
			name = Release;
		};
/* End XCBuildConfiguration section */

/* Begin XCConfigurationList section */
		7F81FB2D1BDFC75B00656AA7 /* Build configuration list for PBXProject "時計アプリ" */ = {
			isa = XCConfigurationList;
			buildConfigurations = (
				7F81FB581BDFC75B00656AA7 /* Debug */,
				7F81FB591BDFC75B00656AA7 /* Release */,
			);
			defaultConfigurationIsVisible = 0;
			defaultConfigurationName = Release;
		};
		7F81FB5A1BDFC75B00656AA7 /* Build configuration list for PBXNativeTarget "時計アプリ" */ = {
			isa = XCConfigurationList;
			buildConfigurations = (
				7F81FB5B1BDFC75B00656AA7 /* Debug */,
				7F81FB5C1BDFC75B00656AA7 /* Release */,
			);
			defaultConfigurationIsVisible = 0;
		};
		7F81FB5D1BDFC75B00656AA7 /* Build configuration list for PBXNativeTarget "時計アプリTests" */ = {
			isa = XCConfigurationList;
			buildConfigurations = (
				7F81FB5E1BDFC75B00656AA7 /* Debug */,
				7F81FB5F1BDFC75B00656AA7 /* Release */,
			);
			defaultConfigurationIsVisible = 0;
		};
		7F81FB601BDFC75B00656AA7 /* Build configuration list for PBXNativeTarget "時計アプリUITests" */ = {
			isa = XCConfigurationList;
			buildConfigurations = (
				7F81FB611BDFC75B00656AA7 /* Debug */,
				7F81FB621BDFC75B00656AA7 /* Release */,
			);
			defaultConfigurationIsVisible = 0;
		};
/* End XCConfigurationList section */
	};
	rootObject = 7F81FB2A1BDFC75B00656AA7 /* Project object */;
}
